
Microsoft Visual Studio Solution File, Format Version 12.00
# Visual Studio Version 17
VisualStudioVersion = 17.9.34622.214
MinimumVisualStudioVersion = 10.0.40219.1
Project("{9A19103F-16F7-4668-BE54-9A1E7A4F7556}") = "BookstoreManagementSystem", "BookstoreManagementSystem\BookstoreManagementSystem.csproj", "{5FE9F8D2-CB10-4731-A115-37C1A7AED3EC}"
EndProject
Project("{9A19103F-16F7-4668-BE54-9A1E7A4F7556}") = "SQLFinal", "..\..\..\..\source\repos\PCS\SqlFinal\SQLFinal.csproj", "{38F694A7-BE23-42E5-9C27-472A5FFD0706}"
EndProject
Global
	GlobalSection(SolutionConfigurationPlatforms) = preSolution
		Debug|Any CPU = Debug|Any CPU
		Release|Any CPU = Release|Any CPU
	EndGlobalSection
	GlobalSection(ProjectConfigurationPlatforms) = postSolution
		{5FE9F8D2-CB10-4731-A115-37C1A7AED3EC}.Debug|Any CPU.ActiveCfg = Debug|Any CPU
		{5FE9F8D2-CB10-4731-A115-37C1A7AED3EC}.Debug|Any CPU.Build.0 = Debug|Any CPU
		{5FE9F8D2-CB10-4731-A115-37C1A7AED3EC}.Release|Any CPU.ActiveCfg = Release|Any CPU
		{5FE9F8D2-CB10-4731-A115-37C1A7AED3EC}.Release|Any CPU.Build.0 = Release|Any CPU
		{38F694A7-BE23-42E5-9C27-472A5FFD0706}.Debug|Any CPU.ActiveCfg = Debug|Any CPU
		{38F694A7-BE23-42E5-9C27-472A5FFD0706}.Debug|Any CPU.Build.0 = Debug|Any CPU
		{38F694A7-BE23-42E5-9C27-472A5FFD0706}.Release|Any CPU.ActiveCfg = Release|Any CPU
		{38F694A7-BE23-42E5-9C27-472A5FFD0706}.Release|Any CPU.Build.0 = Release|Any CPU
	EndGlobalSection
	GlobalSection(SolutionProperties) = preSolution
		HideSolutionNode = FALSE
	EndGlobalSection
	GlobalSection(ExtensibilityGlobals) = postSolution
		SolutionGuid = {B8535E09-4266-4C24-BD81-BB257729C94E}
	EndGlobalSection
EndGlobal
